
Microsoft Visual Studio Solution File, Format Version 12.00
# Visual Studio 15
VisualStudioVersion = 15.0.27004.2005
MinimumVisualStudioVersion = 10.0.40219.1
Project("{2150E333-8FDC-42A3-9474-1A3956D46DE8}") = "1. Core", "1. Core", "{CBBC5E4B-8CA2-4979-8DE6-9276243D81E5}"
EndProject
Project("{2150E333-8FDC-42A3-9474-1A3956D46DE8}") = "2. Sync", "2. Sync", "{BAC0406C-1B7F-4EE2-9676-751041337275}"
EndProject
Project("{2150E333-8FDC-42A3-9474-1A3956D46DE8}") = "4. Tests", "4. Tests", "{28144553-5987-4F34-B465-D542492645AC}"
EndProject
Project("{2150E333-8FDC-42A3-9474-1A3956D46DE8}") = "3. App", "3. App", "{48F8550F-337E-41AF-B248-5CD2D3D75203}"
EndProject
Project("{FAE04EC0-301F-11D3-BF4B-00C04F79EFBC}") = "2Day.Exchange.Shared", "2Day.Exchange.Shared\2Day.Exchange.Shared.csproj", "{292F47A9-07BA-489A-9EB6-6C72C41D277F}"
EndProject
Project("{FAE04EC0-301F-11D3-BF4B-00C04F79EFBC}") = "2Day.ToodleDo.Shared", "2Day.ToodleDo.Shared\2Day.ToodleDo.Shared.csproj", "{9B806CF2-AA50-4E17-A7A2-012E1E5B7B93}"
EndProject
Project("{FAE04EC0-301F-11D3-BF4B-00C04F79EFBC}") = "2Day.Core.Shared", "2Day.Core.Shared\2Day.Core.Shared.csproj", "{552731F9-5444-41D5-B3B9-D3817154E349}"
EndProject
Project("{FAE04EC0-301F-11D3-BF4B-00C04F79EFBC}") = "2Day.Vercors.Shared", "2Day.Vercors.Shared\2Day.Vercors.Shared.csproj", "{76C78F22-5489-4B14-8544-A5A5E6D92491}"
EndProject
Project("{FAE04EC0-301F-11D3-BF4B-00C04F79EFBC}") = "2Day.Tests", "2Day.Core.Shared.Tests\2Day.Tests.csproj", "{55AFC8B2-BB61-4627-B46C-646D4CE25D55}"
EndProject
Project("{FAE04EC0-301F-11D3-BF4B-00C04F79EFBC}") = "2Day.Sync.Test", "2Day.Sync.Test\2Day.Sync.Test.csproj", "{AA2D780B-E0FC-4E99-886A-2C9979635ECF}"
EndProject
Project("{FAE04EC0-301F-11D3-BF4B-00C04F79EFBC}") = "2Day.Core.Universal", "2Day.Core.Universal\2Day.Core.Universal.csproj", "{ED3F3B43-1150-4AA6-A8AB-52F2D7446868}"
EndProject
Project("{FAE04EC0-301F-11D3-BF4B-00C04F79EFBC}") = "2Day.Sync.ToodleDo.Test", "2Day.Sync.ToodleDo.Test\2Day.Sync.ToodleDo.Test.csproj", "{B897CB6C-D635-4F84-A88B-8B1FA5727925}"
EndProject
Project("{FAE04EC0-301F-11D3-BF4B-00C04F79EFBC}") = "2Day.Sync.ActiveSync.Test", "2Day.Sync.ActiveSync.Test\2Day.Sync.ActiveSync.Test.csproj", "{513D2026-2415-4E74-99DD-DB74DBBBB1CA}"
EndProject
Project("{FAE04EC0-301F-11D3-BF4B-00C04F79EFBC}") = "2Day.Sync.Vercors.Test", "2Day.Sync.Vercors.Test\2Day.Sync.Vercors.Test.csproj", "{C4DCC247-3BA7-4255-A5C9-9A88D7C16F51}"
EndProject
Project("{FAE04EC0-301F-11D3-BF4B-00C04F79EFBC}") = "2Day.Sync.Exchange.Ews.Test", "2Day.Sync.Exchange.Ews.Test\2Day.Sync.Exchange.Ews.Test.csproj", "{1D09D3CA-721F-4EC7-B9B7-A9E95D24F893}"
EndProject
Project("{2150E333-8FDC-42A3-9474-1A3956D46DE8}") = "Sync", "Sync", "{2F6084E0-2543-4521-86C8-4FE3122FCBF3}"
EndProject
Project("{D954291E-2A0B-460D-934E-DC6B0785DB48}") = "2Day.Sync.Shared.Test", "2Day.Sync.Shared.Test\2Day.Sync.Shared.Test.shproj", "{7B5AAE5A-F57B-4C24-8731-07CC4764A90F}"
EndProject
Project("{FAE04EC0-301F-11D3-BF4B-00C04F79EFBC}") = "2Day.App.VoiceCommandService", "2Day.App.VoiceCommandService\2Day.App.VoiceCommandService.csproj", "{CD1488BF-7284-4AF5-B4FB-72D1B91014C0}"
EndProject
Project("{FAE04EC0-301F-11D3-BF4B-00C04F79EFBC}") = "2Day.App", "2Day.App\2Day.App.csproj", "{F684E776-6E5D-441F-89BA-E68785883F1D}"
EndProject
Project("{FAE04EC0-301F-11D3-BF4B-00C04F79EFBC}") = "2Day.App.BackgroundService", "2Day.App.BackgroundService\2Day.App.BackgroundService.csproj", "{818D0D50-4ED2-497F-A577-83545FABEDA6}"
EndProject
Project("{FAE04EC0-301F-11D3-BF4B-00C04F79EFBC}") = "2Day.App.Background", "2Day.App.Background\2Day.App.Background.csproj", "{AA704EDF-6BC6-4569-830A-5EF44F112296}"
EndProject
Project("{FAE04EC0-301F-11D3-BF4B-00C04F79EFBC}") = "2Day.App.VoiceCommand", "2Day.App.VoiceCommand\2Day.App.VoiceCommand.csproj", "{9FDCF408-D8D6-4389-8B7B-437CA6552D2C}"
EndProject
Project("{FAE04EC0-301F-11D3-BF4B-00C04F79EFBC}") = "2Day.App.Shared", "2Day.App.Shared\2Day.App.Shared.csproj", "{04A4D692-538D-44ED-B304-B0A299A5026E}"
EndProject
Project("{FAE04EC0-301F-11D3-BF4B-00C04F79EFBC}") = "2Day.App.Test", "2Day.App.Test\2Day.App.Test.csproj", "{2BD2C949-11E3-4F6A-B2CA-10C5D711C272}"
EndProject
Global
	GlobalSection(SharedMSBuildProjectFiles) = preSolution
		2Day.Sync.Shared.Test\2Day.Sync.Shared.Test.projitems*{1d09d3ca-721f-4ec7-b9b7-a9e95d24f893}*SharedItemsImports = 4
		2Day.Sync.Shared.Test\2Day.Sync.Shared.Test.projitems*{513d2026-2415-4e74-99dd-db74dbbbb1ca}*SharedItemsImports = 4
		2Day.Sync.Shared.Test\2Day.Sync.Shared.Test.projitems*{7b5aae5a-f57b-4c24-8731-07cc4764a90f}*SharedItemsImports = 13
		2Day.Sync.Shared.Test\2Day.Sync.Shared.Test.projitems*{b897cb6c-d635-4f84-a88b-8b1fa5727925}*SharedItemsImports = 4
		2Day.Sync.Shared.Test\2Day.Sync.Shared.Test.projitems*{c4dcc247-3ba7-4255-a5c9-9a88d7c16f51}*SharedItemsImports = 4
	EndGlobalSection
	GlobalSection(SolutionConfigurationPlatforms) = preSolution
		Debug|Any CPU = Debug|Any CPU
		Debug|ARM = Debug|ARM
		Debug|x64 = Debug|x64
		Debug|x86 = Debug|x86
		Release|Any CPU = Release|Any CPU
		Release|ARM = Release|ARM
		Release|x64 = Release|x64
		Release|x86 = Release|x86
		ReleaseNoApp|Any CPU = ReleaseNoApp|Any CPU
		ReleaseNoApp|ARM = ReleaseNoApp|ARM
		ReleaseNoApp|x64 = ReleaseNoApp|x64
		ReleaseNoApp|x86 = ReleaseNoApp|x86
	EndGlobalSection
	GlobalSection(ProjectConfigurationPlatforms) = postSolution
		{292F47A9-07BA-489A-9EB6-6C72C41D277F}.Debug|Any CPU.ActiveCfg = Debug|Any CPU
		{292F47A9-07BA-489A-9EB6-6C72C41D277F}.Debug|Any CPU.Build.0 = Debug|Any CPU
		{292F47A9-07BA-489A-9EB6-6C72C41D277F}.Debug|ARM.ActiveCfg = Debug|Any CPU
		{292F47A9-07BA-489A-9EB6-6C72C41D277F}.Debug|ARM.Build.0 = Debug|Any CPU
		{292F47A9-07BA-489A-9EB6-6C72C41D277F}.Debug|x64.ActiveCfg = Debug|Any CPU
		{292F47A9-07BA-489A-9EB6-6C72C41D277F}.Debug|x64.Build.0 = Debug|Any CPU
		{292F47A9-07BA-489A-9EB6-6C72C41D277F}.Debug|x86.ActiveCfg = Debug|Any CPU
		{292F47A9-07BA-489A-9EB6-6C72C41D277F}.Debug|x86.Build.0 = Debug|Any CPU
		{292F47A9-07BA-489A-9EB6-6C72C41D277F}.Release|Any CPU.ActiveCfg = Release|Any CPU
		{292F47A9-07BA-489A-9EB6-6C72C41D277F}.Release|Any CPU.Build.0 = Release|Any CPU
		{292F47A9-07BA-489A-9EB6-6C72C41D277F}.Release|ARM.ActiveCfg = Release|Any CPU
		{292F47A9-07BA-489A-9EB6-6C72C41D277F}.Release|ARM.Build.0 = Release|Any CPU
		{292F47A9-07BA-489A-9EB6-6C72C41D277F}.Release|x64.ActiveCfg = Release|Any CPU
		{292F47A9-07BA-489A-9EB6-6C72C41D277F}.Release|x64.Build.0 = Release|Any CPU
		{292F47A9-07BA-489A-9EB6-6C72C41D277F}.Release|x86.ActiveCfg = Release|Any CPU
		{292F47A9-07BA-489A-9EB6-6C72C41D277F}.Release|x86.Build.0 = Release|Any CPU
		{292F47A9-07BA-489A-9EB6-6C72C41D277F}.ReleaseNoApp|Any CPU.ActiveCfg = ReleaseNoApp|Any CPU
		{292F47A9-07BA-489A-9EB6-6C72C41D277F}.ReleaseNoApp|Any CPU.Build.0 = ReleaseNoApp|Any CPU
		{292F47A9-07BA-489A-9EB6-6C72C41D277F}.ReleaseNoApp|ARM.ActiveCfg = ReleaseNoApp|Any CPU
		{292F47A9-07BA-489A-9EB6-6C72C41D277F}.ReleaseNoApp|ARM.Build.0 = ReleaseNoApp|Any CPU
		{292F47A9-07BA-489A-9EB6-6C72C41D277F}.ReleaseNoApp|x64.ActiveCfg = ReleaseNoApp|Any CPU
		{292F47A9-07BA-489A-9EB6-6C72C41D277F}.ReleaseNoApp|x64.Build.0 = ReleaseNoApp|Any CPU
		{292F47A9-07BA-489A-9EB6-6C72C41D277F}.ReleaseNoApp|x86.ActiveCfg = ReleaseNoApp|Any CPU
		{292F47A9-07BA-489A-9EB6-6C72C41D277F}.ReleaseNoApp|x86.Build.0 = ReleaseNoApp|Any CPU
		{9B806CF2-AA50-4E17-A7A2-012E1E5B7B93}.Debug|Any CPU.ActiveCfg = Debug|Any CPU
		{9B806CF2-AA50-4E17-A7A2-012E1E5B7B93}.Debug|Any CPU.Build.0 = Debug|Any CPU
		{9B806CF2-AA50-4E17-A7A2-012E1E5B7B93}.Debug|ARM.ActiveCfg = Debug|Any CPU
		{9B806CF2-AA50-4E17-A7A2-012E1E5B7B93}.Debug|ARM.Build.0 = Debug|Any CPU
		{9B806CF2-AA50-4E17-A7A2-012E1E5B7B93}.Debug|x64.ActiveCfg = Debug|Any CPU
		{9B806CF2-AA50-4E17-A7A2-012E1E5B7B93}.Debug|x64.Build.0 = Debug|Any CPU
		{9B806CF2-AA50-4E17-A7A2-012E1E5B7B93}.Debug|x86.ActiveCfg = Debug|Any CPU
		{9B806CF2-AA50-4E17-A7A2-012E1E5B7B93}.Debug|x86.Build.0 = Debug|Any CPU
		{9B806CF2-AA50-4E17-A7A2-012E1E5B7B93}.Release|Any CPU.ActiveCfg = Release|Any CPU
		{9B806CF2-AA50-4E17-A7A2-012E1E5B7B93}.Release|Any CPU.Build.0 = Release|Any CPU
		{9B806CF2-AA50-4E17-A7A2-012E1E5B7B93}.Release|ARM.ActiveCfg = Release|Any CPU
		{9B806CF2-AA50-4E17-A7A2-012E1E5B7B93}.Release|ARM.Build.0 = Release|Any CPU
		{9B806CF2-AA50-4E17-A7A2-012E1E5B7B93}.Release|x64.ActiveCfg = Release|Any CPU
		{9B806CF2-AA50-4E17-A7A2-012E1E5B7B93}.Release|x64.Build.0 = Release|Any CPU
		{9B806CF2-AA50-4E17-A7A2-012E1E5B7B93}.Release|x86.ActiveCfg = Release|Any CPU
		{9B806CF2-AA50-4E17-A7A2-012E1E5B7B93}.Release|x86.Build.0 = Release|Any CPU
		{9B806CF2-AA50-4E17-A7A2-012E1E5B7B93}.ReleaseNoApp|Any CPU.ActiveCfg = ReleaseNoApp|Any CPU
		{9B806CF2-AA50-4E17-A7A2-012E1E5B7B93}.ReleaseNoApp|Any CPU.Build.0 = ReleaseNoApp|Any CPU
		{9B806CF2-AA50-4E17-A7A2-012E1E5B7B93}.ReleaseNoApp|ARM.ActiveCfg = ReleaseNoApp|Any CPU
		{9B806CF2-AA50-4E17-A7A2-012E1E5B7B93}.ReleaseNoApp|ARM.Build.0 = ReleaseNoApp|Any CPU
		{9B806CF2-AA50-4E17-A7A2-012E1E5B7B93}.ReleaseNoApp|x64.ActiveCfg = ReleaseNoApp|Any CPU
		{9B806CF2-AA50-4E17-A7A2-012E1E5B7B93}.ReleaseNoApp|x64.Build.0 = ReleaseNoApp|Any CPU
		{9B806CF2-AA50-4E17-A7A2-012E1E5B7B93}.ReleaseNoApp|x86.ActiveCfg = ReleaseNoApp|Any CPU
		{9B806CF2-AA50-4E17-A7A2-012E1E5B7B93}.ReleaseNoApp|x86.Build.0 = ReleaseNoApp|Any CPU
		{552731F9-5444-41D5-B3B9-D3817154E349}.Debug|Any CPU.ActiveCfg = Debug|Any CPU
		{552731F9-5444-41D5-B3B9-D3817154E349}.Debug|Any CPU.Build.0 = Debug|Any CPU
		{552731F9-5444-41D5-B3B9-D3817154E349}.Debug|ARM.ActiveCfg = Debug|Any CPU
		{552731F9-5444-41D5-B3B9-D3817154E349}.Debug|ARM.Build.0 = Debug|Any CPU
		{552731F9-5444-41D5-B3B9-D3817154E349}.Debug|x64.ActiveCfg = Debug|Any CPU
		{552731F9-5444-41D5-B3B9-D3817154E349}.Debug|x64.Build.0 = Debug|Any CPU
		{552731F9-5444-41D5-B3B9-D3817154E349}.Debug|x86.ActiveCfg = Debug|Any CPU
		{552731F9-5444-41D5-B3B9-D3817154E349}.Debug|x86.Build.0 = Debug|Any CPU
		{552731F9-5444-41D5-B3B9-D3817154E349}.Release|Any CPU.ActiveCfg = Release|Any CPU
		{552731F9-5444-41D5-B3B9-D3817154E349}.Release|Any CPU.Build.0 = Release|Any CPU
		{552731F9-5444-41D5-B3B9-D3817154E349}.Release|ARM.ActiveCfg = Release|Any CPU
		{552731F9-5444-41D5-B3B9-D3817154E349}.Release|ARM.Build.0 = Release|Any CPU
		{552731F9-5444-41D5-B3B9-D3817154E349}.Release|x64.ActiveCfg = Release|Any CPU
		{552731F9-5444-41D5-B3B9-D3817154E349}.Release|x64.Build.0 = Release|Any CPU
		{552731F9-5444-41D5-B3B9-D3817154E349}.Release|x86.ActiveCfg = Release|Any CPU
		{552731F9-5444-41D5-B3B9-D3817154E349}.Release|x86.Build.0 = Release|Any CPU
		{552731F9-5444-41D5-B3B9-D3817154E349}.ReleaseNoApp|Any CPU.ActiveCfg = ReleaseNoApp|Any CPU
		{552731F9-5444-41D5-B3B9-D3817154E349}.ReleaseNoApp|Any CPU.Build.0 = ReleaseNoApp|Any CPU
		{552731F9-5444-41D5-B3B9-D3817154E349}.ReleaseNoApp|ARM.ActiveCfg = ReleaseNoApp|Any CPU
		{552731F9-5444-41D5-B3B9-D3817154E349}.ReleaseNoApp|ARM.Build.0 = ReleaseNoApp|Any CPU
		{552731F9-5444-41D5-B3B9-D3817154E349}.ReleaseNoApp|x64.ActiveCfg = ReleaseNoApp|Any CPU
		{552731F9-5444-41D5-B3B9-D3817154E349}.ReleaseNoApp|x64.Build.0 = ReleaseNoApp|Any CPU
		{552731F9-5444-41D5-B3B9-D3817154E349}.ReleaseNoApp|x86.ActiveCfg = ReleaseNoApp|Any CPU
		{552731F9-5444-41D5-B3B9-D3817154E349}.ReleaseNoApp|x86.Build.0 = ReleaseNoApp|Any CPU
		{76C78F22-5489-4B14-8544-A5A5E6D92491}.Debug|Any CPU.ActiveCfg = Debug|Any CPU
		{76C78F22-5489-4B14-8544-A5A5E6D92491}.Debug|Any CPU.Build.0 = Debug|Any CPU
		{76C78F22-5489-4B14-8544-A5A5E6D92491}.Debug|ARM.ActiveCfg = Debug|Any CPU
		{76C78F22-5489-4B14-8544-A5A5E6D92491}.Debug|ARM.Build.0 = Debug|Any CPU
		{76C78F22-5489-4B14-8544-A5A5E6D92491}.Debug|x64.ActiveCfg = Debug|Any CPU
		{76C78F22-5489-4B14-8544-A5A5E6D92491}.Debug|x64.Build.0 = Debug|Any CPU
		{76C78F22-5489-4B14-8544-A5A5E6D92491}.Debug|x86.ActiveCfg = Debug|Any CPU
		{76C78F22-5489-4B14-8544-A5A5E6D92491}.Debug|x86.Build.0 = Debug|Any CPU
		{76C78F22-5489-4B14-8544-A5A5E6D92491}.Release|Any CPU.ActiveCfg = Release|Any CPU
		{76C78F22-5489-4B14-8544-A5A5E6D92491}.Release|Any CPU.Build.0 = Release|Any CPU
		{76C78F22-5489-4B14-8544-A5A5E6D92491}.Release|ARM.ActiveCfg = Release|Any CPU
		{76C78F22-5489-4B14-8544-A5A5E6D92491}.Release|ARM.Build.0 = Release|Any CPU
		{76C78F22-5489-4B14-8544-A5A5E6D92491}.Release|x64.ActiveCfg = Release|Any CPU
		{76C78F22-5489-4B14-8544-A5A5E6D92491}.Release|x64.Build.0 = Release|Any CPU
		{76C78F22-5489-4B14-8544-A5A5E6D92491}.Release|x86.ActiveCfg = Release|Any CPU
		{76C78F22-5489-4B14-8544-A5A5E6D92491}.Release|x86.Build.0 = Release|Any CPU
		{76C78F22-5489-4B14-8544-A5A5E6D92491}.ReleaseNoApp|Any CPU.ActiveCfg = ReleaseNoApp|Any CPU
		{76C78F22-5489-4B14-8544-A5A5E6D92491}.ReleaseNoApp|Any CPU.Build.0 = ReleaseNoApp|Any CPU
		{76C78F22-5489-4B14-8544-A5A5E6D92491}.ReleaseNoApp|ARM.ActiveCfg = ReleaseNoApp|Any CPU
		{76C78F22-5489-4B14-8544-A5A5E6D92491}.ReleaseNoApp|ARM.Build.0 = ReleaseNoApp|Any CPU
		{76C78F22-5489-4B14-8544-A5A5E6D92491}.ReleaseNoApp|x64.ActiveCfg = ReleaseNoApp|Any CPU
		{76C78F22-5489-4B14-8544-A5A5E6D92491}.ReleaseNoApp|x64.Build.0 = ReleaseNoApp|Any CPU
		{76C78F22-5489-4B14-8544-A5A5E6D92491}.ReleaseNoApp|x86.ActiveCfg = ReleaseNoApp|Any CPU
		{76C78F22-5489-4B14-8544-A5A5E6D92491}.ReleaseNoApp|x86.Build.0 = ReleaseNoApp|Any CPU
		{55AFC8B2-BB61-4627-B46C-646D4CE25D55}.Debug|Any CPU.ActiveCfg = Debug|Any CPU
		{55AFC8B2-BB61-4627-B46C-646D4CE25D55}.Debug|Any CPU.Build.0 = Debug|Any CPU
		{55AFC8B2-BB61-4627-B46C-646D4CE25D55}.Debug|ARM.ActiveCfg = Debug|Any CPU
		{55AFC8B2-BB61-4627-B46C-646D4CE25D55}.Debug|ARM.Build.0 = Debug|Any CPU
		{55AFC8B2-BB61-4627-B46C-646D4CE25D55}.Debug|x64.ActiveCfg = Debug|Any CPU
		{55AFC8B2-BB61-4627-B46C-646D4CE25D55}.Debug|x64.Build.0 = Debug|Any CPU
		{55AFC8B2-BB61-4627-B46C-646D4CE25D55}.Debug|x86.ActiveCfg = Debug|Any CPU
		{55AFC8B2-BB61-4627-B46C-646D4CE25D55}.Debug|x86.Build.0 = Debug|Any CPU
		{55AFC8B2-BB61-4627-B46C-646D4CE25D55}.Release|Any CPU.ActiveCfg = Release|Any CPU
		{55AFC8B2-BB61-4627-B46C-646D4CE25D55}.Release|Any CPU.Build.0 = Release|Any CPU
		{55AFC8B2-BB61-4627-B46C-646D4CE25D55}.Release|ARM.ActiveCfg = Release|Any CPU
		{55AFC8B2-BB61-4627-B46C-646D4CE25D55}.Release|x64.ActiveCfg = Release|Any CPU
		{55AFC8B2-BB61-4627-B46C-646D4CE25D55}.Release|x86.ActiveCfg = Release|Any CPU
		{55AFC8B2-BB61-4627-B46C-646D4CE25D55}.Release|x86.Build.0 = Release|Any CPU
		{55AFC8B2-BB61-4627-B46C-646D4CE25D55}.ReleaseNoApp|Any CPU.ActiveCfg = ReleaseNoApp|Any CPU
		{55AFC8B2-BB61-4627-B46C-646D4CE25D55}.ReleaseNoApp|Any CPU.Build.0 = ReleaseNoApp|Any CPU
		{55AFC8B2-BB61-4627-B46C-646D4CE25D55}.ReleaseNoApp|ARM.ActiveCfg = ReleaseNoApp|Any CPU
		{55AFC8B2-BB61-4627-B46C-646D4CE25D55}.ReleaseNoApp|ARM.Build.0 = ReleaseNoApp|Any CPU
		{55AFC8B2-BB61-4627-B46C-646D4CE25D55}.ReleaseNoApp|x64.ActiveCfg = ReleaseNoApp|Any CPU
		{55AFC8B2-BB61-4627-B46C-646D4CE25D55}.ReleaseNoApp|x64.Build.0 = ReleaseNoApp|Any CPU
		{55AFC8B2-BB61-4627-B46C-646D4CE25D55}.ReleaseNoApp|x86.ActiveCfg = ReleaseNoApp|Any CPU
		{55AFC8B2-BB61-4627-B46C-646D4CE25D55}.ReleaseNoApp|x86.Build.0 = ReleaseNoApp|Any CPU
		{AA2D780B-E0FC-4E99-886A-2C9979635ECF}.Debug|Any CPU.ActiveCfg = Debug|Any CPU
		{AA2D780B-E0FC-4E99-886A-2C9979635ECF}.Debug|Any CPU.Build.0 = Debug|Any CPU
		{AA2D780B-E0FC-4E99-886A-2C9979635ECF}.Debug|ARM.ActiveCfg = Debug|Any CPU
		{AA2D780B-E0FC-4E99-886A-2C9979635ECF}.Debug|ARM.Build.0 = Debug|Any CPU
		{AA2D780B-E0FC-4E99-886A-2C9979635ECF}.Debug|x64.ActiveCfg = Debug|Any CPU
		{AA2D780B-E0FC-4E99-886A-2C9979635ECF}.Debug|x64.Build.0 = Debug|Any CPU
		{AA2D780B-E0FC-4E99-886A-2C9979635ECF}.Debug|x86.ActiveCfg = Debug|Any CPU
		{AA2D780B-E0FC-4E99-886A-2C9979635ECF}.Debug|x86.Build.0 = Debug|Any CPU
		{AA2D780B-E0FC-4E99-886A-2C9979635ECF}.Release|Any CPU.ActiveCfg = Release|Any CPU
		{AA2D780B-E0FC-4E99-886A-2C9979635ECF}.Release|Any CPU.Build.0 = Release|Any CPU
		{AA2D780B-E0FC-4E99-886A-2C9979635ECF}.Release|ARM.ActiveCfg = Release|Any CPU
		{AA2D780B-E0FC-4E99-886A-2C9979635ECF}.Release|x64.ActiveCfg = Release|Any CPU
		{AA2D780B-E0FC-4E99-886A-2C9979635ECF}.Release|x86.ActiveCfg = Release|Any CPU
		{AA2D780B-E0FC-4E99-886A-2C9979635ECF}.Release|x86.Build.0 = Release|Any CPU
		{AA2D780B-E0FC-4E99-886A-2C9979635ECF}.ReleaseNoApp|Any CPU.ActiveCfg = ReleaseNoApp|Any CPU
		{AA2D780B-E0FC-4E99-886A-2C9979635ECF}.ReleaseNoApp|Any CPU.Build.0 = ReleaseNoApp|Any CPU
		{AA2D780B-E0FC-4E99-886A-2C9979635ECF}.ReleaseNoApp|ARM.ActiveCfg = ReleaseNoApp|Any CPU
		{AA2D780B-E0FC-4E99-886A-2C9979635ECF}.ReleaseNoApp|ARM.Build.0 = ReleaseNoApp|Any CPU
		{AA2D780B-E0FC-4E99-886A-2C9979635ECF}.ReleaseNoApp|x64.ActiveCfg = ReleaseNoApp|Any CPU
		{AA2D780B-E0FC-4E99-886A-2C9979635ECF}.ReleaseNoApp|x64.Build.0 = ReleaseNoApp|Any CPU
		{AA2D780B-E0FC-4E99-886A-2C9979635ECF}.ReleaseNoApp|x86.ActiveCfg = ReleaseNoApp|Any CPU
		{AA2D780B-E0FC-4E99-886A-2C9979635ECF}.ReleaseNoApp|x86.Build.0 = ReleaseNoApp|Any CPU
		{ED3F3B43-1150-4AA6-A8AB-52F2D7446868}.Debug|Any CPU.ActiveCfg = Debug|Any CPU
		{ED3F3B43-1150-4AA6-A8AB-52F2D7446868}.Debug|Any CPU.Build.0 = Debug|Any CPU
		{ED3F3B43-1150-4AA6-A8AB-52F2D7446868}.Debug|ARM.ActiveCfg = Debug|Any CPU
		{ED3F3B43-1150-4AA6-A8AB-52F2D7446868}.Debug|ARM.Build.0 = Debug|Any CPU
		{ED3F3B43-1150-4AA6-A8AB-52F2D7446868}.Debug|x64.ActiveCfg = Debug|Any CPU
		{ED3F3B43-1150-4AA6-A8AB-52F2D7446868}.Debug|x64.Build.0 = Debug|Any CPU
		{ED3F3B43-1150-4AA6-A8AB-52F2D7446868}.Debug|x86.ActiveCfg = Debug|Any CPU
		{ED3F3B43-1150-4AA6-A8AB-52F2D7446868}.Debug|x86.Build.0 = Debug|Any CPU
		{ED3F3B43-1150-4AA6-A8AB-52F2D7446868}.Release|Any CPU.ActiveCfg = Release|Any CPU
		{ED3F3B43-1150-4AA6-A8AB-52F2D7446868}.Release|Any CPU.Build.0 = Release|Any CPU
		{ED3F3B43-1150-4AA6-A8AB-52F2D7446868}.Release|ARM.ActiveCfg = Release|Any CPU
		{ED3F3B43-1150-4AA6-A8AB-52F2D7446868}.Release|ARM.Build.0 = Release|Any CPU
		{ED3F3B43-1150-4AA6-A8AB-52F2D7446868}.Release|x64.ActiveCfg = Release|Any CPU
		{ED3F3B43-1150-4AA6-A8AB-52F2D7446868}.Release|x64.Build.0 = Release|Any CPU
		{ED3F3B43-1150-4AA6-A8AB-52F2D7446868}.Release|x86.ActiveCfg = Release|Any CPU
		{ED3F3B43-1150-4AA6-A8AB-52F2D7446868}.Release|x86.Build.0 = Release|Any CPU
		{ED3F3B43-1150-4AA6-A8AB-52F2D7446868}.ReleaseNoApp|Any CPU.ActiveCfg = Release|Any CPU
		{ED3F3B43-1150-4AA6-A8AB-52F2D7446868}.ReleaseNoApp|Any CPU.Build.0 = Release|Any CPU
		{ED3F3B43-1150-4AA6-A8AB-52F2D7446868}.ReleaseNoApp|ARM.ActiveCfg = Release|ARM
		{ED3F3B43-1150-4AA6-A8AB-52F2D7446868}.ReleaseNoApp|ARM.Build.0 = Release|ARM
		{ED3F3B43-1150-4AA6-A8AB-52F2D7446868}.ReleaseNoApp|x64.ActiveCfg = Release|x64
		{ED3F3B43-1150-4AA6-A8AB-52F2D7446868}.ReleaseNoApp|x64.Build.0 = Release|x64
		{ED3F3B43-1150-4AA6-A8AB-52F2D7446868}.ReleaseNoApp|x86.ActiveCfg = Release|x86
		{ED3F3B43-1150-4AA6-A8AB-52F2D7446868}.ReleaseNoApp|x86.Build.0 = Release|x86
		{B897CB6C-D635-4F84-A88B-8B1FA5727925}.Debug|Any CPU.ActiveCfg = Debug|Any CPU
		{B897CB6C-D635-4F84-A88B-8B1FA5727925}.Debug|Any CPU.Build.0 = Debug|Any CPU
		{B897CB6C-D635-4F84-A88B-8B1FA5727925}.Debug|ARM.ActiveCfg = Debug|Any CPU
		{B897CB6C-D635-4F84-A88B-8B1FA5727925}.Debug|ARM.Build.0 = Debug|Any CPU
		{B897CB6C-D635-4F84-A88B-8B1FA5727925}.Debug|x64.ActiveCfg = Debug|Any CPU
		{B897CB6C-D635-4F84-A88B-8B1FA5727925}.Debug|x64.Build.0 = Debug|Any CPU
		{B897CB6C-D635-4F84-A88B-8B1FA5727925}.Debug|x86.ActiveCfg = Debug|Any CPU
		{B897CB6C-D635-4F84-A88B-8B1FA5727925}.Debug|x86.Build.0 = Debug|Any CPU
		{B897CB6C-D635-4F84-A88B-8B1FA5727925}.Release|Any CPU.ActiveCfg = Release|Any CPU
		{B897CB6C-D635-4F84-A88B-8B1FA5727925}.Release|Any CPU.Build.0 = Release|Any CPU
		{B897CB6C-D635-4F84-A88B-8B1FA5727925}.Release|ARM.ActiveCfg = Release|Any CPU
		{B897CB6C-D635-4F84-A88B-8B1FA5727925}.Release|x64.ActiveCfg = Release|Any CPU
		{B897CB6C-D635-4F84-A88B-8B1FA5727925}.Release|x86.ActiveCfg = Release|Any CPU
		{B897CB6C-D635-4F84-A88B-8B1FA5727925}.Release|x86.Build.0 = Release|Any CPU
		{B897CB6C-D635-4F84-A88B-8B1FA5727925}.ReleaseNoApp|Any CPU.ActiveCfg = ReleaseNoApp|Any CPU
		{B897CB6C-D635-4F84-A88B-8B1FA5727925}.ReleaseNoApp|Any CPU.Build.0 = ReleaseNoApp|Any CPU
		{B897CB6C-D635-4F84-A88B-8B1FA5727925}.ReleaseNoApp|ARM.ActiveCfg = ReleaseNoApp|Any CPU
		{B897CB6C-D635-4F84-A88B-8B1FA5727925}.ReleaseNoApp|ARM.Build.0 = ReleaseNoApp|Any CPU
		{B897CB6C-D635-4F84-A88B-8B1FA5727925}.ReleaseNoApp|x64.ActiveCfg = ReleaseNoApp|Any CPU
		{B897CB6C-D635-4F84-A88B-8B1FA5727925}.ReleaseNoApp|x64.Build.0 = ReleaseNoApp|Any CPU
		{B897CB6C-D635-4F84-A88B-8B1FA5727925}.ReleaseNoApp|x86.ActiveCfg = ReleaseNoApp|Any CPU
		{B897CB6C-D635-4F84-A88B-8B1FA5727925}.ReleaseNoApp|x86.Build.0 = ReleaseNoApp|Any CPU
		{513D2026-2415-4E74-99DD-DB74DBBBB1CA}.Debug|Any CPU.ActiveCfg = Debug|Any CPU
		{513D2026-2415-4E74-99DD-DB74DBBBB1CA}.Debug|Any CPU.Build.0 = Debug|Any CPU
		{513D2026-2415-4E74-99DD-DB74DBBBB1CA}.Debug|ARM.ActiveCfg = Debug|Any CPU
		{513D2026-2415-4E74-99DD-DB74DBBBB1CA}.Debug|ARM.Build.0 = Debug|Any CPU
		{513D2026-2415-4E74-99DD-DB74DBBBB1CA}.Debug|x64.ActiveCfg = Debug|Any CPU
		{513D2026-2415-4E74-99DD-DB74DBBBB1CA}.Debug|x64.Build.0 = Debug|Any CPU
		{513D2026-2415-4E74-99DD-DB74DBBBB1CA}.Debug|x86.ActiveCfg = Debug|Any CPU
		{513D2026-2415-4E74-99DD-DB74DBBBB1CA}.Debug|x86.Build.0 = Debug|Any CPU
		{513D2026-2415-4E74-99DD-DB74DBBBB1CA}.Release|Any CPU.ActiveCfg = Release|Any CPU
		{513D2026-2415-4E74-99DD-DB74DBBBB1CA}.Release|Any CPU.Build.0 = Release|Any CPU
		{513D2026-2415-4E74-99DD-DB74DBBBB1CA}.Release|ARM.ActiveCfg = Release|Any CPU
		{513D2026-2415-4E74-99DD-DB74DBBBB1CA}.Release|x64.ActiveCfg = Release|Any CPU
		{513D2026-2415-4E74-99DD-DB74DBBBB1CA}.Release|x86.ActiveCfg = Release|Any CPU
		{513D2026-2415-4E74-99DD-DB74DBBBB1CA}.Release|x86.Build.0 = Release|Any CPU
		{513D2026-2415-4E74-99DD-DB74DBBBB1CA}.ReleaseNoApp|Any CPU.ActiveCfg = ReleaseNoApp|Any CPU
		{513D2026-2415-4E74-99DD-DB74DBBBB1CA}.ReleaseNoApp|Any CPU.Build.0 = ReleaseNoApp|Any CPU
		{513D2026-2415-4E74-99DD-DB74DBBBB1CA}.ReleaseNoApp|ARM.ActiveCfg = ReleaseNoApp|Any CPU
		{513D2026-2415-4E74-99DD-DB74DBBBB1CA}.ReleaseNoApp|ARM.Build.0 = ReleaseNoApp|Any CPU
		{513D2026-2415-4E74-99DD-DB74DBBBB1CA}.ReleaseNoApp|x64.ActiveCfg = ReleaseNoApp|Any CPU
		{513D2026-2415-4E74-99DD-DB74DBBBB1CA}.ReleaseNoApp|x64.Build.0 = ReleaseNoApp|Any CPU
		{513D2026-2415-4E74-99DD-DB74DBBBB1CA}.ReleaseNoApp|x86.ActiveCfg = ReleaseNoApp|Any CPU
		{513D2026-2415-4E74-99DD-DB74DBBBB1CA}.ReleaseNoApp|x86.Build.0 = ReleaseNoApp|Any CPU
		{C4DCC247-3BA7-4255-A5C9-9A88D7C16F51}.Debug|Any CPU.ActiveCfg = Debug|Any CPU
		{C4DCC247-3BA7-4255-A5C9-9A88D7C16F51}.Debug|Any CPU.Build.0 = Debug|Any CPU
		{C4DCC247-3BA7-4255-A5C9-9A88D7C16F51}.Debug|ARM.ActiveCfg = Debug|Any CPU
		{C4DCC247-3BA7-4255-A5C9-9A88D7C16F51}.Debug|ARM.Build.0 = Debug|Any CPU
		{C4DCC247-3BA7-4255-A5C9-9A88D7C16F51}.Debug|x64.ActiveCfg = Debug|Any CPU
		{C4DCC247-3BA7-4255-A5C9-9A88D7C16F51}.Debug|x64.Build.0 = Debug|Any CPU
		{C4DCC247-3BA7-4255-A5C9-9A88D7C16F51}.Debug|x86.ActiveCfg = Debug|Any CPU
		{C4DCC247-3BA7-4255-A5C9-9A88D7C16F51}.Debug|x86.Build.0 = Debug|Any CPU
		{C4DCC247-3BA7-4255-A5C9-9A88D7C16F51}.Release|Any CPU.ActiveCfg = Release|Any CPU
		{C4DCC247-3BA7-4255-A5C9-9A88D7C16F51}.Release|Any CPU.Build.0 = Release|Any CPU
		{C4DCC247-3BA7-4255-A5C9-9A88D7C16F51}.Release|ARM.ActiveCfg = Release|Any CPU
		{C4DCC247-3BA7-4255-A5C9-9A88D7C16F51}.Release|x64.ActiveCfg = Release|Any CPU
		{C4DCC247-3BA7-4255-A5C9-9A88D7C16F51}.Release|x86.ActiveCfg = Release|Any CPU
		{C4DCC247-3BA7-4255-A5C9-9A88D7C16F51}.Release|x86.Build.0 = Release|Any CPU
		{C4DCC247-3BA7-4255-A5C9-9A88D7C16F51}.ReleaseNoApp|Any CPU.ActiveCfg = ReleaseNoApp|Any CPU
		{C4DCC247-3BA7-4255-A5C9-9A88D7C16F51}.ReleaseNoApp|Any CPU.Build.0 = ReleaseNoApp|Any CPU
		{C4DCC247-3BA7-4255-A5C9-9A88D7C16F51}.ReleaseNoApp|ARM.ActiveCfg = ReleaseNoApp|Any CPU
		{C4DCC247-3BA7-4255-A5C9-9A88D7C16F51}.ReleaseNoApp|ARM.Build.0 = ReleaseNoApp|Any CPU
		{C4DCC247-3BA7-4255-A5C9-9A88D7C16F51}.ReleaseNoApp|x64.ActiveCfg = ReleaseNoApp|Any CPU
		{C4DCC247-3BA7-4255-A5C9-9A88D7C16F51}.ReleaseNoApp|x64.Build.0 = ReleaseNoApp|Any CPU
		{C4DCC247-3BA7-4255-A5C9-9A88D7C16F51}.ReleaseNoApp|x86.ActiveCfg = ReleaseNoApp|Any CPU
		{C4DCC247-3BA7-4255-A5C9-9A88D7C16F51}.ReleaseNoApp|x86.Build.0 = ReleaseNoApp|Any CPU
		{1D09D3CA-721F-4EC7-B9B7-A9E95D24F893}.Debug|Any CPU.ActiveCfg = Debug|Any CPU
		{1D09D3CA-721F-4EC7-B9B7-A9E95D24F893}.Debug|Any CPU.Build.0 = Debug|Any CPU
		{1D09D3CA-721F-4EC7-B9B7-A9E95D24F893}.Debug|ARM.ActiveCfg = Debug|Any CPU
		{1D09D3CA-721F-4EC7-B9B7-A9E95D24F893}.Debug|ARM.Build.0 = Debug|Any CPU
		{1D09D3CA-721F-4EC7-B9B7-A9E95D24F893}.Debug|x64.ActiveCfg = Debug|Any CPU
		{1D09D3CA-721F-4EC7-B9B7-A9E95D24F893}.Debug|x64.Build.0 = Debug|Any CPU
		{1D09D3CA-721F-4EC7-B9B7-A9E95D24F893}.Debug|x86.ActiveCfg = Debug|Any CPU
		{1D09D3CA-721F-4EC7-B9B7-A9E95D24F893}.Debug|x86.Build.0 = Debug|Any CPU
		{1D09D3CA-721F-4EC7-B9B7-A9E95D24F893}.Release|Any CPU.ActiveCfg = Release|Any CPU
		{1D09D3CA-721F-4EC7-B9B7-A9E95D24F893}.Release|Any CPU.Build.0 = Release|Any CPU
		{1D09D3CA-721F-4EC7-B9B7-A9E95D24F893}.Release|ARM.ActiveCfg = Release|Any CPU
		{1D09D3CA-721F-4EC7-B9B7-A9E95D24F893}.Release|x64.ActiveCfg = Release|Any CPU
		{1D09D3CA-721F-4EC7-B9B7-A9E95D24F893}.Release|x86.ActiveCfg = Release|Any CPU
		{1D09D3CA-721F-4EC7-B9B7-A9E95D24F893}.Release|x86.Build.0 = Release|Any CPU
		{1D09D3CA-721F-4EC7-B9B7-A9E95D24F893}.ReleaseNoApp|Any CPU.ActiveCfg = ReleaseNoApp|Any CPU
		{1D09D3CA-721F-4EC7-B9B7-A9E95D24F893}.ReleaseNoApp|Any CPU.Build.0 = ReleaseNoApp|Any CPU
		{1D09D3CA-721F-4EC7-B9B7-A9E95D24F893}.ReleaseNoApp|ARM.ActiveCfg = ReleaseNoApp|Any CPU
		{1D09D3CA-721F-4EC7-B9B7-A9E95D24F893}.ReleaseNoApp|ARM.Build.0 = ReleaseNoApp|Any CPU
		{1D09D3CA-721F-4EC7-B9B7-A9E95D24F893}.ReleaseNoApp|x64.ActiveCfg = ReleaseNoApp|Any CPU
		{1D09D3CA-721F-4EC7-B9B7-A9E95D24F893}.ReleaseNoApp|x64.Build.0 = ReleaseNoApp|Any CPU
		{1D09D3CA-721F-4EC7-B9B7-A9E95D24F893}.ReleaseNoApp|x86.ActiveCfg = ReleaseNoApp|Any CPU
		{1D09D3CA-721F-4EC7-B9B7-A9E95D24F893}.ReleaseNoApp|x86.Build.0 = ReleaseNoApp|Any CPU
		{CD1488BF-7284-4AF5-B4FB-72D1B91014C0}.Debug|Any CPU.ActiveCfg = Debug|Any CPU
		{CD1488BF-7284-4AF5-B4FB-72D1B91014C0}.Debug|Any CPU.Build.0 = Debug|Any CPU
		{CD1488BF-7284-4AF5-B4FB-72D1B91014C0}.Debug|ARM.ActiveCfg = Debug|ARM
		{CD1488BF-7284-4AF5-B4FB-72D1B91014C0}.Debug|ARM.Build.0 = Debug|ARM
		{CD1488BF-7284-4AF5-B4FB-72D1B91014C0}.Debug|x64.ActiveCfg = Debug|x64
		{CD1488BF-7284-4AF5-B4FB-72D1B91014C0}.Debug|x64.Build.0 = Debug|x64
		{CD1488BF-7284-4AF5-B4FB-72D1B91014C0}.Debug|x86.ActiveCfg = Debug|x86
		{CD1488BF-7284-4AF5-B4FB-72D1B91014C0}.Debug|x86.Build.0 = Debug|x86
		{CD1488BF-7284-4AF5-B4FB-72D1B91014C0}.Release|Any CPU.ActiveCfg = Release|Any CPU
		{CD1488BF-7284-4AF5-B4FB-72D1B91014C0}.Release|Any CPU.Build.0 = Release|Any CPU
		{CD1488BF-7284-4AF5-B4FB-72D1B91014C0}.Release|ARM.ActiveCfg = Release|ARM
		{CD1488BF-7284-4AF5-B4FB-72D1B91014C0}.Release|ARM.Build.0 = Release|ARM
		{CD1488BF-7284-4AF5-B4FB-72D1B91014C0}.Release|x64.ActiveCfg = Release|x64
		{CD1488BF-7284-4AF5-B4FB-72D1B91014C0}.Release|x64.Build.0 = Release|x64
		{CD1488BF-7284-4AF5-B4FB-72D1B91014C0}.Release|x86.ActiveCfg = Release|x86
		{CD1488BF-7284-4AF5-B4FB-72D1B91014C0}.Release|x86.Build.0 = Release|x86
		{CD1488BF-7284-4AF5-B4FB-72D1B91014C0}.ReleaseNoApp|Any CPU.ActiveCfg = ReleaseNoApp|Any CPU
		{CD1488BF-7284-4AF5-B4FB-72D1B91014C0}.ReleaseNoApp|Any CPU.Build.0 = ReleaseNoApp|Any CPU
		{CD1488BF-7284-4AF5-B4FB-72D1B91014C0}.ReleaseNoApp|ARM.ActiveCfg = ReleaseNoApp|ARM
		{CD1488BF-7284-4AF5-B4FB-72D1B91014C0}.ReleaseNoApp|x64.ActiveCfg = ReleaseNoApp|x64
		{CD1488BF-7284-4AF5-B4FB-72D1B91014C0}.ReleaseNoApp|x86.ActiveCfg = ReleaseNoApp|x86
		{F684E776-6E5D-441F-89BA-E68785883F1D}.Debug|Any CPU.ActiveCfg = Debug|x86
		{F684E776-6E5D-441F-89BA-E68785883F1D}.Debug|ARM.ActiveCfg = Debug|ARM
		{F684E776-6E5D-441F-89BA-E68785883F1D}.Debug|ARM.Build.0 = Debug|ARM
		{F684E776-6E5D-441F-89BA-E68785883F1D}.Debug|ARM.Deploy.0 = Debug|ARM
		{F684E776-6E5D-441F-89BA-E68785883F1D}.Debug|x64.ActiveCfg = Debug|x64
		{F684E776-6E5D-441F-89BA-E68785883F1D}.Debug|x64.Build.0 = Debug|x64
		{F684E776-6E5D-441F-89BA-E68785883F1D}.Debug|x64.Deploy.0 = Debug|x64
		{F684E776-6E5D-441F-89BA-E68785883F1D}.Debug|x86.ActiveCfg = Debug|x86
		{F684E776-6E5D-441F-89BA-E68785883F1D}.Debug|x86.Build.0 = Debug|x86
		{F684E776-6E5D-441F-89BA-E68785883F1D}.Debug|x86.Deploy.0 = Debug|x86
		{F684E776-6E5D-441F-89BA-E68785883F1D}.Release|Any CPU.ActiveCfg = Release|x86
		{F684E776-6E5D-441F-89BA-E68785883F1D}.Release|ARM.ActiveCfg = Release|ARM
		{F684E776-6E5D-441F-89BA-E68785883F1D}.Release|ARM.Build.0 = Release|ARM
		{F684E776-6E5D-441F-89BA-E68785883F1D}.Release|ARM.Deploy.0 = Release|ARM
		{F684E776-6E5D-441F-89BA-E68785883F1D}.Release|x64.ActiveCfg = Release|x64
		{F684E776-6E5D-441F-89BA-E68785883F1D}.Release|x64.Build.0 = Release|x64
		{F684E776-6E5D-441F-89BA-E68785883F1D}.Release|x64.Deploy.0 = Release|x64
		{F684E776-6E5D-441F-89BA-E68785883F1D}.Release|x86.ActiveCfg = Release|x86
		{F684E776-6E5D-441F-89BA-E68785883F1D}.Release|x86.Build.0 = Release|x86
		{F684E776-6E5D-441F-89BA-E68785883F1D}.Release|x86.Deploy.0 = Release|x86
		{F684E776-6E5D-441F-89BA-E68785883F1D}.ReleaseNoApp|Any CPU.ActiveCfg = ReleaseNoApp|x86
		{F684E776-6E5D-441F-89BA-E68785883F1D}.ReleaseNoApp|ARM.ActiveCfg = ReleaseNoApp|ARM
		{F684E776-6E5D-441F-89BA-E68785883F1D}.ReleaseNoApp|x64.ActiveCfg = ReleaseNoApp|x64
		{F684E776-6E5D-441F-89BA-E68785883F1D}.ReleaseNoApp|x86.ActiveCfg = ReleaseNoApp|x86
		{818D0D50-4ED2-497F-A577-83545FABEDA6}.Debug|Any CPU.ActiveCfg = Debug|Any CPU
		{818D0D50-4ED2-497F-A577-83545FABEDA6}.Debug|Any CPU.Build.0 = Debug|Any CPU
		{818D0D50-4ED2-497F-A577-83545FABEDA6}.Debug|ARM.ActiveCfg = Debug|ARM
		{818D0D50-4ED2-497F-A577-83545FABEDA6}.Debug|ARM.Build.0 = Debug|ARM
		{818D0D50-4ED2-497F-A577-83545FABEDA6}.Debug|x64.ActiveCfg = Debug|x64
		{818D0D50-4ED2-497F-A577-83545FABEDA6}.Debug|x64.Build.0 = Debug|x64
		{818D0D50-4ED2-497F-A577-83545FABEDA6}.Debug|x86.ActiveCfg = Debug|x86
		{818D0D50-4ED2-497F-A577-83545FABEDA6}.Debug|x86.Build.0 = Debug|x86
		{818D0D50-4ED2-497F-A577-83545FABEDA6}.Release|Any CPU.ActiveCfg = Release|Any CPU
		{818D0D50-4ED2-497F-A577-83545FABEDA6}.Release|Any CPU.Build.0 = Release|Any CPU
		{818D0D50-4ED2-497F-A577-83545FABEDA6}.Release|ARM.ActiveCfg = Release|ARM
		{818D0D50-4ED2-497F-A577-83545FABEDA6}.Release|ARM.Build.0 = Release|ARM
		{818D0D50-4ED2-497F-A577-83545FABEDA6}.Release|x64.ActiveCfg = Release|x64
		{818D0D50-4ED2-497F-A577-83545FABEDA6}.Release|x64.Build.0 = Release|x64
		{818D0D50-4ED2-497F-A577-83545FABEDA6}.Release|x86.ActiveCfg = Release|x86
		{818D0D50-4ED2-497F-A577-83545FABEDA6}.Release|x86.Build.0 = Release|x86
		{818D0D50-4ED2-497F-A577-83545FABEDA6}.ReleaseNoApp|Any CPU.ActiveCfg = ReleaseNoApp|Any CPU
		{818D0D50-4ED2-497F-A577-83545FABEDA6}.ReleaseNoApp|Any CPU.Build.0 = ReleaseNoApp|Any CPU
		{818D0D50-4ED2-497F-A577-83545FABEDA6}.ReleaseNoApp|ARM.ActiveCfg = ReleaseNoApp|ARM
		{818D0D50-4ED2-497F-A577-83545FABEDA6}.ReleaseNoApp|x64.ActiveCfg = ReleaseNoApp|x64
		{818D0D50-4ED2-497F-A577-83545FABEDA6}.ReleaseNoApp|x86.ActiveCfg = ReleaseNoApp|x86
		{AA704EDF-6BC6-4569-830A-5EF44F112296}.Debug|Any CPU.ActiveCfg = Debug|Any CPU
		{AA704EDF-6BC6-4569-830A-5EF44F112296}.Debug|Any CPU.Build.0 = Debug|Any CPU
		{AA704EDF-6BC6-4569-830A-5EF44F112296}.Debug|ARM.ActiveCfg = Debug|ARM
		{AA704EDF-6BC6-4569-830A-5EF44F112296}.Debug|ARM.Build.0 = Debug|ARM
		{AA704EDF-6BC6-4569-830A-5EF44F112296}.Debug|x64.ActiveCfg = Debug|x64
		{AA704EDF-6BC6-4569-830A-5EF44F112296}.Debug|x64.Build.0 = Debug|x64
		{AA704EDF-6BC6-4569-830A-5EF44F112296}.Debug|x86.ActiveCfg = Debug|x86
		{AA704EDF-6BC6-4569-830A-5EF44F112296}.Debug|x86.Build.0 = Debug|x86
		{AA704EDF-6BC6-4569-830A-5EF44F112296}.Release|Any CPU.ActiveCfg = Release|Any CPU
		{AA704EDF-6BC6-4569-830A-5EF44F112296}.Release|Any CPU.Build.0 = Release|Any CPU
		{AA704EDF-6BC6-4569-830A-5EF44F112296}.Release|ARM.ActiveCfg = Release|ARM
		{AA704EDF-6BC6-4569-830A-5EF44F112296}.Release|ARM.Build.0 = Release|ARM
		{AA704EDF-6BC6-4569-830A-5EF44F112296}.Release|x64.ActiveCfg = Release|x64
		{AA704EDF-6BC6-4569-830A-5EF44F112296}.Release|x64.Build.0 = Release|x64
		{AA704EDF-6BC6-4569-830A-5EF44F112296}.Release|x86.ActiveCfg = Release|x86
		{AA704EDF-6BC6-4569-830A-5EF44F112296}.Release|x86.Build.0 = Release|x86
		{AA704EDF-6BC6-4569-830A-5EF44F112296}.ReleaseNoApp|Any CPU.ActiveCfg = ReleaseNoApp|Any CPU
		{AA704EDF-6BC6-4569-830A-5EF44F112296}.ReleaseNoApp|Any CPU.Build.0 = ReleaseNoApp|Any CPU
		{AA704EDF-6BC6-4569-830A-5EF44F112296}.ReleaseNoApp|ARM.ActiveCfg = ReleaseNoApp|ARM
		{AA704EDF-6BC6-4569-830A-5EF44F112296}.ReleaseNoApp|x64.ActiveCfg = ReleaseNoApp|x64
		{AA704EDF-6BC6-4569-830A-5EF44F112296}.ReleaseNoApp|x86.ActiveCfg = ReleaseNoApp|x86
		{9FDCF408-D8D6-4389-8B7B-437CA6552D2C}.Debug|Any CPU.ActiveCfg = Debug|Any CPU
		{9FDCF408-D8D6-4389-8B7B-437CA6552D2C}.Debug|Any CPU.Build.0 = Debug|Any CPU
		{9FDCF408-D8D6-4389-8B7B-437CA6552D2C}.Debug|ARM.ActiveCfg = Debug|ARM
		{9FDCF408-D8D6-4389-8B7B-437CA6552D2C}.Debug|ARM.Build.0 = Debug|ARM
		{9FDCF408-D8D6-4389-8B7B-437CA6552D2C}.Debug|x64.ActiveCfg = Debug|x64
		{9FDCF408-D8D6-4389-8B7B-437CA6552D2C}.Debug|x64.Build.0 = Debug|x64
		{9FDCF408-D8D6-4389-8B7B-437CA6552D2C}.Debug|x86.ActiveCfg = Debug|x86
		{9FDCF408-D8D6-4389-8B7B-437CA6552D2C}.Debug|x86.Build.0 = Debug|x86
		{9FDCF408-D8D6-4389-8B7B-437CA6552D2C}.Release|Any CPU.ActiveCfg = Release|Any CPU
		{9FDCF408-D8D6-4389-8B7B-437CA6552D2C}.Release|Any CPU.Build.0 = Release|Any CPU
		{9FDCF408-D8D6-4389-8B7B-437CA6552D2C}.Release|ARM.ActiveCfg = Release|ARM
		{9FDCF408-D8D6-4389-8B7B-437CA6552D2C}.Release|ARM.Build.0 = Release|ARM
		{9FDCF408-D8D6-4389-8B7B-437CA6552D2C}.Release|x64.ActiveCfg = Release|x64
		{9FDCF408-D8D6-4389-8B7B-437CA6552D2C}.Release|x64.Build.0 = Release|x64
		{9FDCF408-D8D6-4389-8B7B-437CA6552D2C}.Release|x86.ActiveCfg = Release|x86
		{9FDCF408-D8D6-4389-8B7B-437CA6552D2C}.Release|x86.Build.0 = Release|x86
		{9FDCF408-D8D6-4389-8B7B-437CA6552D2C}.ReleaseNoApp|Any CPU.ActiveCfg = ReleaseNoApp|Any CPU
		{9FDCF408-D8D6-4389-8B7B-437CA6552D2C}.ReleaseNoApp|Any CPU.Build.0 = ReleaseNoApp|Any CPU
		{9FDCF408-D8D6-4389-8B7B-437CA6552D2C}.ReleaseNoApp|ARM.ActiveCfg = ReleaseNoApp|ARM
		{9FDCF408-D8D6-4389-8B7B-437CA6552D2C}.ReleaseNoApp|x64.ActiveCfg = ReleaseNoApp|x64
		{9FDCF408-D8D6-4389-8B7B-437CA6552D2C}.ReleaseNoApp|x86.ActiveCfg = ReleaseNoApp|x86
		{04A4D692-538D-44ED-B304-B0A299A5026E}.Debug|Any CPU.ActiveCfg = Debug|Any CPU
		{04A4D692-538D-44ED-B304-B0A299A5026E}.Debug|Any CPU.Build.0 = Debug|Any CPU
		{04A4D692-538D-44ED-B304-B0A299A5026E}.Debug|ARM.ActiveCfg = Debug|Any CPU
		{04A4D692-538D-44ED-B304-B0A299A5026E}.Debug|ARM.Build.0 = Debug|Any CPU
		{04A4D692-538D-44ED-B304-B0A299A5026E}.Debug|x64.ActiveCfg = Debug|Any CPU
		{04A4D692-538D-44ED-B304-B0A299A5026E}.Debug|x64.Build.0 = Debug|Any CPU
		{04A4D692-538D-44ED-B304-B0A299A5026E}.Debug|x86.ActiveCfg = Debug|Any CPU
		{04A4D692-538D-44ED-B304-B0A299A5026E}.Debug|x86.Build.0 = Debug|Any CPU
		{04A4D692-538D-44ED-B304-B0A299A5026E}.Release|Any CPU.ActiveCfg = Release|Any CPU
		{04A4D692-538D-44ED-B304-B0A299A5026E}.Release|Any CPU.Build.0 = Release|Any CPU
		{04A4D692-538D-44ED-B304-B0A299A5026E}.Release|ARM.ActiveCfg = Release|Any CPU
		{04A4D692-538D-44ED-B304-B0A299A5026E}.Release|ARM.Build.0 = Release|Any CPU
		{04A4D692-538D-44ED-B304-B0A299A5026E}.Release|x64.ActiveCfg = Release|Any CPU
		{04A4D692-538D-44ED-B304-B0A299A5026E}.Release|x64.Build.0 = Release|Any CPU
		{04A4D692-538D-44ED-B304-B0A299A5026E}.Release|x86.ActiveCfg = Release|Any CPU
		{04A4D692-538D-44ED-B304-B0A299A5026E}.Release|x86.Build.0 = Release|Any CPU
		{04A4D692-538D-44ED-B304-B0A299A5026E}.ReleaseNoApp|Any CPU.ActiveCfg = Release|Any CPU
		{04A4D692-538D-44ED-B304-B0A299A5026E}.ReleaseNoApp|Any CPU.Build.0 = Release|Any CPU
		{04A4D692-538D-44ED-B304-B0A299A5026E}.ReleaseNoApp|ARM.ActiveCfg = Release|Any CPU
		{04A4D692-538D-44ED-B304-B0A299A5026E}.ReleaseNoApp|ARM.Build.0 = Release|Any CPU
		{04A4D692-538D-44ED-B304-B0A299A5026E}.ReleaseNoApp|x64.ActiveCfg = Release|Any CPU
		{04A4D692-538D-44ED-B304-B0A299A5026E}.ReleaseNoApp|x64.Build.0 = Release|Any CPU
		{04A4D692-538D-44ED-B304-B0A299A5026E}.ReleaseNoApp|x86.ActiveCfg = Release|Any CPU
		{04A4D692-538D-44ED-B304-B0A299A5026E}.ReleaseNoApp|x86.Build.0 = Release|Any CPU
		{2BD2C949-11E3-4F6A-B2CA-10C5D711C272}.Debug|Any CPU.ActiveCfg = Debug|x86
		{2BD2C949-11E3-4F6A-B2CA-10C5D711C272}.Debug|ARM.ActiveCfg = Debug|ARM
		{2BD2C949-11E3-4F6A-B2CA-10C5D711C272}.Debug|ARM.Build.0 = Debug|ARM
		{2BD2C949-11E3-4F6A-B2CA-10C5D711C272}.Debug|ARM.Deploy.0 = Debug|ARM
		{2BD2C949-11E3-4F6A-B2CA-10C5D711C272}.Debug|x64.ActiveCfg = Debug|x64
		{2BD2C949-11E3-4F6A-B2CA-10C5D711C272}.Debug|x64.Build.0 = Debug|x64
		{2BD2C949-11E3-4F6A-B2CA-10C5D711C272}.Debug|x64.Deploy.0 = Debug|x64
		{2BD2C949-11E3-4F6A-B2CA-10C5D711C272}.Debug|x86.ActiveCfg = Debug|x86
		{2BD2C949-11E3-4F6A-B2CA-10C5D711C272}.Debug|x86.Build.0 = Debug|x86
		{2BD2C949-11E3-4F6A-B2CA-10C5D711C272}.Debug|x86.Deploy.0 = Debug|x86
		{2BD2C949-11E3-4F6A-B2CA-10C5D711C272}.Release|Any CPU.ActiveCfg = Release|x86
		{2BD2C949-11E3-4F6A-B2CA-10C5D711C272}.Release|ARM.ActiveCfg = Release|ARM
		{2BD2C949-11E3-4F6A-B2CA-10C5D711C272}.Release|ARM.Build.0 = Release|ARM
		{2BD2C949-11E3-4F6A-B2CA-10C5D711C272}.Release|ARM.Deploy.0 = Release|ARM
		{2BD2C949-11E3-4F6A-B2CA-10C5D711C272}.Release|x64.ActiveCfg = Release|x64
		{2BD2C949-11E3-4F6A-B2CA-10C5D711C272}.Release|x64.Build.0 = Release|x64
		{2BD2C949-11E3-4F6A-B2CA-10C5D711C272}.Release|x64.Deploy.0 = Release|x64
		{2BD2C949-11E3-4F6A-B2CA-10C5D711C272}.Release|x86.ActiveCfg = Release|x86
		{2BD2C949-11E3-4F6A-B2CA-10C5D711C272}.Release|x86.Build.0 = Release|x86
		{2BD2C949-11E3-4F6A-B2CA-10C5D711C272}.Release|x86.Deploy.0 = Release|x86
		{2BD2C949-11E3-4F6A-B2CA-10C5D711C272}.ReleaseNoApp|Any CPU.ActiveCfg = ReleaseNoApp|x86
		{2BD2C949-11E3-4F6A-B2CA-10C5D711C272}.ReleaseNoApp|ARM.ActiveCfg = ReleaseNoApp|ARM
		{2BD2C949-11E3-4F6A-B2CA-10C5D711C272}.ReleaseNoApp|x64.ActiveCfg = ReleaseNoApp|x64
		{2BD2C949-11E3-4F6A-B2CA-10C5D711C272}.ReleaseNoApp|x86.ActiveCfg = ReleaseNoApp|x86
	EndGlobalSection
	GlobalSection(SolutionProperties) = preSolution
		HideSolutionNode = FALSE
	EndGlobalSection
	GlobalSection(NestedProjects) = preSolution
		{292F47A9-07BA-489A-9EB6-6C72C41D277F} = {BAC0406C-1B7F-4EE2-9676-751041337275}
		{9B806CF2-AA50-4E17-A7A2-012E1E5B7B93} = {BAC0406C-1B7F-4EE2-9676-751041337275}
		{552731F9-5444-41D5-B3B9-D3817154E349} = {CBBC5E4B-8CA2-4979-8DE6-9276243D81E5}
		{76C78F22-5489-4B14-8544-A5A5E6D92491} = {BAC0406C-1B7F-4EE2-9676-751041337275}
		{55AFC8B2-BB61-4627-B46C-646D4CE25D55} = {28144553-5987-4F34-B465-D542492645AC}
		{AA2D780B-E0FC-4E99-886A-2C9979635ECF} = {2F6084E0-2543-4521-86C8-4FE3122FCBF3}
		{ED3F3B43-1150-4AA6-A8AB-52F2D7446868} = {CBBC5E4B-8CA2-4979-8DE6-9276243D81E5}
		{B897CB6C-D635-4F84-A88B-8B1FA5727925} = {2F6084E0-2543-4521-86C8-4FE3122FCBF3}
		{513D2026-2415-4E74-99DD-DB74DBBBB1CA} = {2F6084E0-2543-4521-86C8-4FE3122FCBF3}
		{C4DCC247-3BA7-4255-A5C9-9A88D7C16F51} = {2F6084E0-2543-4521-86C8-4FE3122FCBF3}
		{1D09D3CA-721F-4EC7-B9B7-A9E95D24F893} = {2F6084E0-2543-4521-86C8-4FE3122FCBF3}
		{2F6084E0-2543-4521-86C8-4FE3122FCBF3} = {28144553-5987-4F34-B465-D542492645AC}
		{7B5AAE5A-F57B-4C24-8731-07CC4764A90F} = {2F6084E0-2543-4521-86C8-4FE3122FCBF3}
		{CD1488BF-7284-4AF5-B4FB-72D1B91014C0} = {48F8550F-337E-41AF-B248-5CD2D3D75203}
		{F684E776-6E5D-441F-89BA-E68785883F1D} = {48F8550F-337E-41AF-B248-5CD2D3D75203}
		{818D0D50-4ED2-497F-A577-83545FABEDA6} = {48F8550F-337E-41AF-B248-5CD2D3D75203}
		{AA704EDF-6BC6-4569-830A-5EF44F112296} = {48F8550F-337E-41AF-B248-5CD2D3D75203}
		{9FDCF408-D8D6-4389-8B7B-437CA6552D2C} = {48F8550F-337E-41AF-B248-5CD2D3D75203}
		{04A4D692-538D-44ED-B304-B0A299A5026E} = {48F8550F-337E-41AF-B248-5CD2D3D75203}
		{2BD2C949-11E3-4F6A-B2CA-10C5D711C272} = {28144553-5987-4F34-B465-D542492645AC}
	EndGlobalSection
	GlobalSection(ExtensibilityGlobals) = postSolution
		SolutionGuid = {E19E4B20-744C-4151-A455-DAF94F1E6795}
	EndGlobalSection
EndGlobal
